
Microsoft Visual Studio Solution File, Format Version 12.00
# Visual Studio Version 16
VisualStudioVersion = 16.0.29306.81
MinimumVisualStudioVersion = 10.0.40219.1
Project("{FAE04EC0-301F-11D3-BF4B-00C04F79EFBC}") = "GitProject", "GitProject\GitProject.csproj", "{2EA269EB-BA45-4E7F-8F2E-5069263150B0}"
EndProject
Global
	GlobalSection(SolutionConfigurationPlatforms) = preSolution
		Debug|Any CPU = Debug|Any CPU
		Release|Any CPU = Release|Any CPU
	EndGlobalSection
	GlobalSection(ProjectConfigurationPlatforms) = postSolution
		{2EA269EB-BA45-4E7F-8F2E-5069263150B0}.Debug|Any CPU.ActiveCfg = Debug|Any CPU
		{2EA269EB-BA45-4E7F-8F2E-5069263150B0}.Debug|Any CPU.Build.0 = Debug|Any CPU
		{2EA269EB-BA45-4E7F-8F2E-5069263150B0}.Release|Any CPU.ActiveCfg = Release|Any CPU
		{2EA269EB-BA45-4E7F-8F2E-5069263150B0}.Release|Any CPU.Build.0 = Release|Any CPU
	EndGlobalSection
	GlobalSection(SolutionProperties) = preSolution
		HideSolutionNode = FALSE
	EndGlobalSection
	GlobalSection(ExtensibilityGlobals) = postSolution
		SolutionGuid = {2DD951A9-974A-4402-94B5-997160240912}
	EndGlobalSection
EndGlobal
